
Microsoft Visual Studio Solution File, Format Version 12.00
# Visual Studio Version 16
VisualStudioVersion = 16.0.29728.190
MinimumVisualStudioVersion = 10.0.40219.1
Project("{FAE04EC0-301F-11D3-BF4B-00C04F79EFBC}") = "DanHuntUMLShapesAssignment", "DanHuntUMLShapesAssignment\DanHuntUMLShapesAssignment.csproj", "{F9D708B5-E0F5-4748-AB86-9DB6ECE580AF}"
EndProject
Global
	GlobalSection(SolutionConfigurationPlatforms) = preSolution
		Debug|Any CPU = Debug|Any CPU
		Release|Any CPU = Release|Any CPU
	EndGlobalSection
	GlobalSection(ProjectConfigurationPlatforms) = postSolution
		{F9D708B5-E0F5-4748-AB86-9DB6ECE580AF}.Debug|Any CPU.ActiveCfg = Debug|Any CPU
		{F9D708B5-E0F5-4748-AB86-9DB6ECE580AF}.Debug|Any CPU.Build.0 = Debug|Any CPU
		{F9D708B5-E0F5-4748-AB86-9DB6ECE580AF}.Release|Any CPU.ActiveCfg = Release|Any CPU
		{F9D708B5-E0F5-4748-AB86-9DB6ECE580AF}.Release|Any CPU.Build.0 = Release|Any CPU
	EndGlobalSection
	GlobalSection(SolutionProperties) = preSolution
		HideSolutionNode = FALSE
	EndGlobalSection
	GlobalSection(ExtensibilityGlobals) = postSolution
		SolutionGuid = {3780050C-2766-4DF0-93E2-56C4BC7E1BD3}
	EndGlobalSection
EndGlobal
